<?xml version="1.0" encoding="utf-8"?>
<Project ToolsVersion="4.0" xmlns="http://schemas.microsoft.com/developer/msbuild/2003">
  <ItemGroup>
    <Filter Include="Headers">
      <UniqueIdentifier>{2bf00d47-ac26-4d04-8c73-81c27349e54b}</UniqueIdentifier>
    </Filter>
    <Filter Include="Sources">
      <UniqueIdentifier>{f0837a72-d96c-4619-a448-a4d15d65e4b6}</UniqueIdentifier>
    </Filter>
  </ItemGroup>
  <ItemGroup>
    <ClCompile Include="..\src\cpnet-network.c">
      <Filter>Sources</Filter>
    </ClCompile>
  </ItemGroup>
  <ItemGroup>
    <ClInclude Include="..\src\cpnet-export.h">
      <Filter>Headers</Filter>
    </ClInclude>
    <ClInclude Include="..\src\cpnet-network.h">
      <Filter>Headers</Filter>
    </ClInclude>
    <ClInclude Include="resource.h" />
  </ItemGroup>
  <ItemGroup>
    <ResourceCompile Include="libcpnet.rc" />
  </ItemGroup>
</Project>