
Microsoft Visual Studio Solution File, Format Version 12.00
# Visual Studio 14
VisualStudioVersion = 14.0.25420.1
MinimumVisualStudioVersion = 10.0.40219.1
Project("{8BC9CEB8-8B4A-11D0-8D11-00A0C91BC942}") = "libcpnet", "libcpnet.vcxproj", "{586D1E91-5114-4931-9136-E102582D53BF}"
EndProject
Project("{8BC9CEB8-8B4A-11D0-8D11-00A0C91BC942}") = "libcpnet-test", "libcpnet-test.vcxproj", "{8EED87CF-325D-43EA-AC29-9CCE06AAF48F}"
	ProjectSection(ProjectDependencies) = postProject
		{586D1E91-5114-4931-9136-E102582D53BF} = {586D1E91-5114-4931-9136-E102582D53BF}
	EndProjectSection
EndProject
Global
	GlobalSection(SolutionConfigurationPlatforms) = preSolution
		Debug|x64 = Debug|x64
		Debug|x86 = Debug|x86
		Release|x64 = Release|x64
		Release|x86 = Release|x86
		Static Debug|x64 = Static Debug|x64
		Static Debug|x86 = Static Debug|x86
		Static Release|x64 = Static Release|x64
		Static Release|x86 = Static Release|x86
	EndGlobalSection
	GlobalSection(ProjectConfigurationPlatforms) = postSolution
		{586D1E91-5114-4931-9136-E102582D53BF}.Debug|x64.ActiveCfg = Debug|x64
		{586D1E91-5114-4931-9136-E102582D53BF}.Debug|x64.Build.0 = Debug|x64
		{586D1E91-5114-4931-9136-E102582D53BF}.Debug|x86.ActiveCfg = Debug|Win32
		{586D1E91-5114-4931-9136-E102582D53BF}.Debug|x86.Build.0 = Debug|Win32
		{586D1E91-5114-4931-9136-E102582D53BF}.Release|x64.ActiveCfg = Release|x64
		{586D1E91-5114-4931-9136-E102582D53BF}.Release|x64.Build.0 = Release|x64
		{586D1E91-5114-4931-9136-E102582D53BF}.Release|x86.ActiveCfg = Release|Win32
		{586D1E91-5114-4931-9136-E102582D53BF}.Release|x86.Build.0 = Release|Win32
		{586D1E91-5114-4931-9136-E102582D53BF}.Static Debug|x64.ActiveCfg = Static Debug|x64
		{586D1E91-5114-4931-9136-E102582D53BF}.Static Debug|x64.Build.0 = Static Debug|x64
		{586D1E91-5114-4931-9136-E102582D53BF}.Static Debug|x86.ActiveCfg = Static Debug|Win32
		{586D1E91-5114-4931-9136-E102582D53BF}.Static Debug|x86.Build.0 = Static Debug|Win32
		{586D1E91-5114-4931-9136-E102582D53BF}.Static Release|x64.ActiveCfg = Static Release|x64
		{586D1E91-5114-4931-9136-E102582D53BF}.Static Release|x64.Build.0 = Static Release|x64
		{586D1E91-5114-4931-9136-E102582D53BF}.Static Release|x86.ActiveCfg = Static Release|Win32
		{586D1E91-5114-4931-9136-E102582D53BF}.Static Release|x86.Build.0 = Static Release|Win32
		{8EED87CF-325D-43EA-AC29-9CCE06AAF48F}.Debug|x64.ActiveCfg = Debug|x64
		{8EED87CF-325D-43EA-AC29-9CCE06AAF48F}.Debug|x64.Build.0 = Debug|x64
		{8EED87CF-325D-43EA-AC29-9CCE06AAF48F}.Debug|x86.ActiveCfg = Debug|Win32
		{8EED87CF-325D-43EA-AC29-9CCE06AAF48F}.Debug|x86.Build.0 = Debug|Win32
		{8EED87CF-325D-43EA-AC29-9CCE06AAF48F}.Release|x64.ActiveCfg = Release|x64
		{8EED87CF-325D-43EA-AC29-9CCE06AAF48F}.Release|x64.Build.0 = Release|x64
		{8EED87CF-325D-43EA-AC29-9CCE06AAF48F}.Release|x86.ActiveCfg = Release|Win32
		{8EED87CF-325D-43EA-AC29-9CCE06AAF48F}.Release|x86.Build.0 = Release|Win32
		{8EED87CF-325D-43EA-AC29-9CCE06AAF48F}.Static Debug|x64.ActiveCfg = Static Debug|x64
		{8EED87CF-325D-43EA-AC29-9CCE06AAF48F}.Static Debug|x64.Build.0 = Static Debug|x64
		{8EED87CF-325D-43EA-AC29-9CCE06AAF48F}.Static Debug|x86.ActiveCfg = Static Debug|Win32
		{8EED87CF-325D-43EA-AC29-9CCE06AAF48F}.Static Debug|x86.Build.0 = Static Debug|Win32
		{8EED87CF-325D-43EA-AC29-9CCE06AAF48F}.Static Release|x64.ActiveCfg = Static Release|x64
		{8EED87CF-325D-43EA-AC29-9CCE06AAF48F}.Static Release|x64.Build.0 = Static Release|x64
		{8EED87CF-325D-43EA-AC29-9CCE06AAF48F}.Static Release|x86.ActiveCfg = Static Release|Win32
		{8EED87CF-325D-43EA-AC29-9CCE06AAF48F}.Static Release|x86.Build.0 = Static Release|Win32
	EndGlobalSection
	GlobalSection(SolutionProperties) = preSolution
		HideSolutionNode = FALSE
	EndGlobalSection
EndGlobal
